
Microsoft Visual Studio Solution File, Format Version 12.00
# Visual Studio Version 17
VisualStudioVersion = 17.13.35931.197 d17.13
MinimumVisualStudioVersion = 10.0.40219.1
Project("{FAE04EC0-301F-11D3-BF4B-00C04F79EFBC}") = "UsluHayvanAlimSatim", "UsluHayvanAlimSatim.csproj", "{7A396BFA-06F9-3FEE-4070-B77782DF93E7}"
EndProject
Global
	GlobalSection(SolutionConfigurationPlatforms) = preSolution
		Debug|Any CPU = Debug|Any CPU
		Release|Any CPU = Release|Any CPU
	EndGlobalSection
	GlobalSection(ProjectConfigurationPlatforms) = postSolution
		{7A396BFA-06F9-3FEE-4070-B77782DF93E7}.Debug|Any CPU.ActiveCfg = Debug|Any CPU
		{7A396BFA-06F9-3FEE-4070-B77782DF93E7}.Debug|Any CPU.Build.0 = Debug|Any CPU
		{7A396BFA-06F9-3FEE-4070-B77782DF93E7}.Release|Any CPU.ActiveCfg = Release|Any CPU
		{7A396BFA-06F9-3FEE-4070-B77782DF93E7}.Release|Any CPU.Build.0 = Release|Any CPU
	EndGlobalSection
	GlobalSection(SolutionProperties) = preSolution
		HideSolutionNode = FALSE
	EndGlobalSection
	GlobalSection(ExtensibilityGlobals) = postSolution
		SolutionGuid = {8336E443-DC38-4353-8DC8-BB6C7A3D86F5}
	EndGlobalSection
EndGlobal
